
Microsoft Visual Studio Solution File, Format Version 12.00
# Visual Studio Version 16
VisualStudioVersion = 16.0.31019.35
MinimumVisualStudioVersion = 10.0.40219.1
Project("{FAE04EC0-301F-11D3-BF4B-00C04F79EFBC}") = "GBCSporting2021_FD_Crew", "GBCSporting2021_FD_Crew\GBCSporting2021_FD_Crew.csproj", "{811B6A70-0248-407D-A079-94EB0D6F1553}"
EndProject
Global
	GlobalSection(SolutionConfigurationPlatforms) = preSolution
		Debug|Any CPU = Debug|Any CPU
		Release|Any CPU = Release|Any CPU
	EndGlobalSection
	GlobalSection(ProjectConfigurationPlatforms) = postSolution
		{811B6A70-0248-407D-A079-94EB0D6F1553}.Debug|Any CPU.ActiveCfg = Debug|Any CPU
		{811B6A70-0248-407D-A079-94EB0D6F1553}.Debug|Any CPU.Build.0 = Debug|Any CPU
		{811B6A70-0248-407D-A079-94EB0D6F1553}.Release|Any CPU.ActiveCfg = Release|Any CPU
		{811B6A70-0248-407D-A079-94EB0D6F1553}.Release|Any CPU.Build.0 = Release|Any CPU
	EndGlobalSection
	GlobalSection(SolutionProperties) = preSolution
		HideSolutionNode = FALSE
	EndGlobalSection
	GlobalSection(ExtensibilityGlobals) = postSolution
		SolutionGuid = {6D2BF0C7-DC49-4B47-ACC2-7CA242F56A8A}
	EndGlobalSection
EndGlobal
